
Microsoft Visual Studio Solution File, Format Version 12.00
# Visual Studio Version 16
VisualStudioVersion = 16.0.34031.81
MinimumVisualStudioVersion = 10.0.40219.1
Project("{FAE04EC0-301F-11D3-BF4B-00C04F79EFBC}") = "Romanenko_lab1(2)", "Romanenko_lab1(2)\Romanenko_lab1(2).csproj", "{5FA76058-2DE5-41BA-8C4D-9E302F33F634}"
EndProject
Global
	GlobalSection(SolutionConfigurationPlatforms) = preSolution
		Debug|Any CPU = Debug|Any CPU
		Release|Any CPU = Release|Any CPU
	EndGlobalSection
	GlobalSection(ProjectConfigurationPlatforms) = postSolution
		{5FA76058-2DE5-41BA-8C4D-9E302F33F634}.Debug|Any CPU.ActiveCfg = Debug|Any CPU
		{5FA76058-2DE5-41BA-8C4D-9E302F33F634}.Debug|Any CPU.Build.0 = Debug|Any CPU
		{5FA76058-2DE5-41BA-8C4D-9E302F33F634}.Release|Any CPU.ActiveCfg = Release|Any CPU
		{5FA76058-2DE5-41BA-8C4D-9E302F33F634}.Release|Any CPU.Build.0 = Release|Any CPU
	EndGlobalSection
	GlobalSection(SolutionProperties) = preSolution
		HideSolutionNode = FALSE
	EndGlobalSection
	GlobalSection(ExtensibilityGlobals) = postSolution
		SolutionGuid = {176CA2C8-8E99-4FD6-A686-F9753149A8A2}
	EndGlobalSection
EndGlobal
